
Microsoft Visual Studio Solution File, Format Version 12.00
# Visual Studio Version 17
VisualStudioVersion = 17.5.33516.290
MinimumVisualStudioVersion = 10.0.40219.1
Project("{FAE04EC0-301F-11D3-BF4B-00C04F79EFBC}") = "RecursiveBinaryTree", "RecursiveBinaryTree\RecursiveBinaryTree.csproj", "{3B565F09-9811-451A-B922-9F70DD318947}"
EndProject
Global
	GlobalSection(SolutionConfigurationPlatforms) = preSolution
		Debug|Any CPU = Debug|Any CPU
		Release|Any CPU = Release|Any CPU
	EndGlobalSection
	GlobalSection(ProjectConfigurationPlatforms) = postSolution
		{3B565F09-9811-451A-B922-9F70DD318947}.Debug|Any CPU.ActiveCfg = Debug|Any CPU
		{3B565F09-9811-451A-B922-9F70DD318947}.Debug|Any CPU.Build.0 = Debug|Any CPU
		{3B565F09-9811-451A-B922-9F70DD318947}.Release|Any CPU.ActiveCfg = Release|Any CPU
		{3B565F09-9811-451A-B922-9F70DD318947}.Release|Any CPU.Build.0 = Release|Any CPU
	EndGlobalSection
	GlobalSection(SolutionProperties) = preSolution
		HideSolutionNode = FALSE
	EndGlobalSection
	GlobalSection(ExtensibilityGlobals) = postSolution
		SolutionGuid = {3FA4DA18-7675-42C0-97E9-AC91727246C2}
	EndGlobalSection
EndGlobal
